// !$*UTF8*$!
{
	archiveVersion = 1;
	classes = {
	};
	objectVersion = 46;
	objects = {

/* Begin PBXBuildFile section */
		4FCBA9A3165FBBAC00B517C0 /* QuartzCore.framework in Frameworks */ = {isa = PBXBuildFile; fileRef = 4FCBA9A2165FBBAC00B517C0 /* QuartzCore.framework */; };
		4FCBA9A5165FBBAC00B517C0 /* OpenGLES.framework in Frameworks */ = {isa = PBXBuildFile; fileRef = 4FCBA9A4165FBBAC00B517C0 /* OpenGLES.framework */; };
		4FCBA9A7165FBBAC00B517C0 /* OpenAL.framework in Frameworks */ = {isa = PBXBuildFile; fileRef = 4FCBA9A6165FBBAC00B517C0 /* OpenAL.framework */; };
		4FCBA9A9165FBBAC00B517C0 /* AudioToolbox.framework in Frameworks */ = {isa = PBXBuildFile; fileRef = 4FCBA9A8165FBBAC00B517C0 /* AudioToolbox.framework */; };
		4FCBA9AB165FBBAC00B517C0 /* AVFoundation.framework in Frameworks */ = {isa = PBXBuildFile; fileRef = 4FCBA9AA165FBBAC00B517C0 /* AVFoundation.framework */; };
		4FCBA9AD165FBBAC00B517C0 /* UIKit.framework in Frameworks */ = {isa = PBXBuildFile; fileRef = 4FCBA9AC165FBBAC00B517C0 /* UIKit.framework */; };
		4FCBA9AF165FBBAC00B517C0 /* Foundation.framework in Frameworks */ = {isa = PBXBuildFile; fileRef = 4FCBA9AE165FBBAC00B517C0 /* Foundation.framework */; };
		4FCBA9B1165FBBAC00B517C0 /* CoreGraphics.framework in Frameworks */ = {isa = PBXBuildFile; fileRef = 4FCBA9B0165FBBAC00B517C0 /* CoreGraphics.framework */; };
		4FCBA9B3165FBBAC00B517C0 /* GameKit.framework in Frameworks */ = {isa = PBXBuildFile; fileRef = 4FCBA9B2165FBBAC00B517C0 /* GameKit.framework */; };
		4FCBA9B7165FBBAC00B517C0 /* Default.png in Resources */ = {isa = PBXBuildFile; fileRef = 4FCBA9B6165FBBAC00B517C0 /* Default.png */; };
		4FCBA9B9165FBBAC00B517C0 /* Default@2x.png in Resources */ = {isa = PBXBuildFile; fileRef = 4FCBA9B8165FBBAC00B517C0 /* Default@2x.png */; };
		4FCBA9BB165FBBAC00B517C0 /* Default-568h@2x.png in Resources */ = {isa = PBXBuildFile; fileRef = 4FCBA9BA165FBBAC00B517C0 /* Default-568h@2x.png */; };
		4FCBA9BD165FBBAC00B517C0 /* Default-Landscape~ipad.png in Resources */ = {isa = PBXBuildFile; fileRef = 4FCBA9BC165FBBAC00B517C0 /* Default-Landscape~ipad.png */; };
		4FCBA9BF165FBBAC00B517C0 /* Icon-72.png in Resources */ = {isa = PBXBuildFile; fileRef = 4FCBA9BE165FBBAC00B517C0 /* Icon-72.png */; };
		4FCBA9C1165FBBAC00B517C0 /* Icon-Small-50.png in Resources */ = {isa = PBXBuildFile; fileRef = 4FCBA9C0165FBBAC00B517C0 /* Icon-Small-50.png */; };
		4FCBA9C3165FBBAC00B517C0 /* Icon-Small.png in Resources */ = {isa = PBXBuildFile; fileRef = 4FCBA9C2165FBBAC00B517C0 /* Icon-Small.png */; };
		4FCBA9C5165FBBAC00B517C0 /* Icon-Small@2x.png in Resources */ = {isa = PBXBuildFile; fileRef = 4FCBA9C4165FBBAC00B517C0 /* Icon-Small@2x.png */; };
		4FCBA9C7165FBBAC00B517C0 /* Icon.png in Resources */ = {isa = PBXBuildFile; fileRef = 4FCBA9C6165FBBAC00B517C0 /* Icon.png */; };
		4FCBA9C9165FBBAC00B517C0 /* Icon@2x.png in Resources */ = {isa = PBXBuildFile; fileRef = 4FCBA9C8165FBBAC00B517C0 /* Icon@2x.png */; };
		4FCBA9CC165FBBAC00B517C0 /* iTunesArtwork in Resources */ = {isa = PBXBuildFile; fileRef = 4FCBA9CB165FBBAC00B517C0 /* iTunesArtwork */; };
		4FCBABCD165FBBB100B517C0 /* main.m in Sources */ = {isa = PBXBuildFile; fileRef = 4FCBABCC165FBBB100B517C0 /* main.m */; };
		4FCBABD0165FBBB100B517C0 /* AppDelegate.mm in Sources */ = {isa = PBXBuildFile; fileRef = 4FCBABCF165FBBB100B517C0 /* AppDelegate.mm */; };
		4FCBABD3165FBBB100B517C0 /* HelloWorldLayer.mm in Sources */ = {isa = PBXBuildFile; fileRef = 4FCBABD2165FBBB100B517C0 /* HelloWorldLayer.mm */; };
		4FCBABD6165FBBB100B517C0 /* IntroLayer.mm in Sources */ = {isa = PBXBuildFile; fileRef = 4FCBABD5165FBBB100B517C0 /* IntroLayer.mm */; };
		4FCBABD9165FBBB100B517C0 /* GLES-Render.mm in Sources */ = {isa = PBXBuildFile; fileRef = 4FCBABD8165FBBB100B517C0 /* GLES-Render.mm */; };
		4FCBABDB165FBBB100B517C0 /* blocks.png in Resources */ = {isa = PBXBuildFile; fileRef = 4FCBABDA165FBBB100B517C0 /* blocks.png */; };
		4FCBAD1B165FBDC400B517C0 /* libcocos2d.a in Frameworks */ = {isa = PBXBuildFile; fileRef = 4FCBAC64165FBC2600B517C0 /* libcocos2d.a */; };
		4FCBAD1C165FBDCB00B517C0 /* libbox2d.a in Frameworks */ = {isa = PBXBuildFile; fileRef = 4FCBAC60165FBC2600B517C0 /* libbox2d.a */; };
		4FCBAD91165FC0B300B517C0 /* libkazmath.a in Frameworks */ = {isa = PBXBuildFile; fileRef = 4FCBAC6E165FBC2600B517C0 /* libkazmath.a */; };
/* End PBXBuildFile section */

/* Begin PBXContainerItemProxy section */
		4FCBAC5D165FBC2600B517C0 /* PBXContainerItemProxy */ = {
			isa = PBXContainerItemProxy;
			containerPortal = 4FCBABE1165FBC2300B517C0 /* cocos2d-ios.xcodeproj */;
			proxyType = 2;
			remoteGlobalIDString = 509807081175041800EA7266;
			remoteInfo = "build all tests";
		};
		4FCBAC5F165FBC2600B517C0 /* PBXContainerItemProxy */ = {
			isa = PBXContainerItemProxy;
			containerPortal = 4FCBABE1165FBC2300B517C0 /* cocos2d-ios.xcodeproj */;
			proxyType = 2;
			remoteGlobalIDString = 504225700FC0B39C00B992F7;
			remoteInfo = box2d;
		};
		4FCBAC61165FBC2600B517C0 /* PBXContainerItemProxy */ = {
			isa = PBXContainerItemProxy;
			containerPortal = 4FCBABE1165FBC2300B517C0 /* cocos2d-ios.xcodeproj */;
			proxyType = 2;
			remoteGlobalIDString = 50B2C4D10E100AEA00AE9530;
			remoteInfo = Chipmunk;
		};
		4FCBAC63165FBC2600B517C0 /* PBXContainerItemProxy */ = {
			isa = PBXContainerItemProxy;
			containerPortal = 4FCBABE1165FBC2300B517C0 /* cocos2d-ios.xcodeproj */;
			proxyType = 2;
			remoteGlobalIDString = 5018F24D0DFDEAC400C013A5;
			remoteInfo = cocos2d;
		};
		4FCBAC65165FBC2600B517C0 /* PBXContainerItemProxy */ = {
			isa = PBXContainerItemProxy;
			containerPortal = 4FCBABE1165FBC2300B517C0 /* cocos2d-ios.xcodeproj */;
			proxyType = 2;
			remoteGlobalIDString = 502C65EE0DFEF3DD00E4107D;
			remoteInfo = "cocos2d-documentation";
		};
		4FCBAC67165FBC2600B517C0 /* PBXContainerItemProxy */ = {
			isa = PBXContainerItemProxy;
			containerPortal = 4FCBABE1165FBC2300B517C0 /* cocos2d-ios.xcodeproj */;
			proxyType = 2;
			remoteGlobalIDString = 50CB2FCA1004C8B100B7A750;
			remoteInfo = CocosDenshion;
		};
		4FCBAC69165FBC2600B517C0 /* PBXContainerItemProxy */ = {
			isa = PBXContainerItemProxy;
			containerPortal = 4FCBABE1165FBC2300B517C0 /* cocos2d-ios.xcodeproj */;
			proxyType = 2;
			remoteGlobalIDString = A02900ED15B5FA9E00D64F82;
			remoteInfo = CocosBuilderReader;
		};
		4FCBAC6B165FBC2600B517C0 /* PBXContainerItemProxy */ = {
			isa = PBXContainerItemProxy;
			containerPortal = 4FCBABE1165FBC2300B517C0 /* cocos2d-ios.xcodeproj */;
			proxyType = 2;
			remoteGlobalIDString = A031B73915D9BD0800E1986C;
			remoteInfo = jsbindings;
		};
		4FCBAC6D165FBC2600B517C0 /* PBXContainerItemProxy */ = {
			isa = PBXContainerItemProxy;
			containerPortal = 4FCBABE1165FBC2300B517C0 /* cocos2d-ios.xcodeproj */;
			proxyType = 2;
			remoteGlobalIDString = A04A1FEB13B826B300ABAFB7;
			remoteInfo = kazmath;
		};
		4FCBAC6F165FBC2600B517C0 /* PBXContainerItemProxy */ = {
			isa = PBXContainerItemProxy;
			containerPortal = 4FCBABE1165FBC2300B517C0 /* cocos2d-ios.xcodeproj */;
			proxyType = 2;
			remoteGlobalIDString = 503164CD10277665003ACFE7;
			remoteInfo = libpng;
		};
		4FCBAC71165FBC2600B517C0 /* PBXContainerItemProxy */ = {
			isa = PBXContainerItemProxy;
			containerPortal = 4FCBABE1165FBC2300B517C0 /* cocos2d-ios.xcodeproj */;
			proxyType = 2;
			remoteGlobalIDString = 504CC32F1035BDE90096894C;
			remoteInfo = ActionManagerTest;
		};
		4FCBAC73165FBC2600B517C0 /* PBXContainerItemProxy */ = {
			isa = PBXContainerItemProxy;
			containerPortal = 4FCBABE1165FBC2300B517C0 /* cocos2d-ios.xcodeproj */;
			proxyType = 2;
			remoteGlobalIDString = 50C93AAD0E0BF6E000517B01;
			remoteInfo = ActionsTest;
		};
		4FCBAC75165FBC2600B517C0 /* PBXContainerItemProxy */ = {
			isa = PBXContainerItemProxy;
			containerPortal = 4FCBABE1165FBC2300B517C0 /* cocos2d-ios.xcodeproj */;
			proxyType = 2;
			remoteGlobalIDString = 05CA7B0410ED674700F12774;
			remoteInfo = ActionsWithBlocksSample;
		};
		4FCBAC77165FBC2600B517C0 /* PBXContainerItemProxy */ = {
			isa = PBXContainerItemProxy;
			containerPortal = 4FCBABE1165FBC2300B517C0 /* cocos2d-ios.xcodeproj */;
			proxyType = 2;
			remoteGlobalIDString = 504828800F45AED700A30CEF;
			remoteInfo = AttachTest;
		};
		4FCBAC79165FBC2600B517C0 /* PBXContainerItemProxy */ = {
			isa = PBXContainerItemProxy;
			containerPortal = 4FCBABE1165FBC2300B517C0 /* cocos2d-ios.xcodeproj */;
			proxyType = 2;
			remoteGlobalIDString = 5042262E0FC0B5D500B992F7;
			remoteInfo = Box2dTest;
		};
		4FCBAC7B165FBC2600B517C0 /* PBXContainerItemProxy */ = {
			isa = PBXContainerItemProxy;
			containerPortal = 4FCBABE1165FBC2300B517C0 /* cocos2d-ios.xcodeproj */;
			proxyType = 2;
			remoteGlobalIDString = 50010ED2103B3DB80059EC2E;
			remoteInfo = Box2dTestBed;
		};
		4FCBAC7D165FBC2600B517C0 /* PBXContainerItemProxy */ = {
			isa = PBXContainerItemProxy;
			containerPortal = 4FCBABE1165FBC2300B517C0 /* cocos2d-ios.xcodeproj */;
			proxyType = 2;
			remoteGlobalIDString = 50B2C5E80E100EF000AE9530;
			remoteInfo = ChipmunkTest;
		};
		4FCBAC7F165FBC2600B517C0 /* PBXContainerItemProxy */ = {
			isa = PBXContainerItemProxy;
			containerPortal = 4FCBABE1165FBC2300B517C0 /* cocos2d-ios.xcodeproj */;
			proxyType = 2;
			remoteGlobalIDString = 506C77E20E01520900B48100;
			remoteInfo = ClickAndMoveTest;
		};
		4FCBAC81165FBC2600B517C0 /* PBXContainerItemProxy */ = {
			isa = PBXContainerItemProxy;
			containerPortal = 4FCBABE1165FBC2300B517C0 /* cocos2d-ios.xcodeproj */;
			proxyType = 2;
			remoteGlobalIDString = 2B44E494163383A0000492D8;
			remoteInfo = ClippingNodeTest;
		};
		4FCBAC83165FBC2600B517C0 /* PBXContainerItemProxy */ = {
			isa = PBXContainerItemProxy;
			containerPortal = 4FCBABE1165FBC2300B517C0 /* cocos2d-ios.xcodeproj */;
			proxyType = 2;
			remoteGlobalIDString = 505224F911B3D4700061670F;
			remoteInfo = "CocosDenshion - Tom The Turret";
		};
		4FCBAC85165FBC2600B517C0 /* PBXContainerItemProxy */ = {
			isa = PBXContainerItemProxy;
			containerPortal = 4FCBABE1165FBC2300B517C0 /* cocos2d-ios.xcodeproj */;
			proxyType = 2;
			remoteGlobalIDString = 505228BA11B3DBB90061670F;
			remoteInfo = "CocosDenshion - Drum Pad";
		};
		4FCBAC87165FBC2600B517C0 /* PBXContainerItemProxy */ = {
			isa = PBXContainerItemProxy;
			containerPortal = 4FCBABE1165FBC2300B517C0 /* cocos2d-ios.xcodeproj */;
			proxyType = 2;
			remoteGlobalIDString = 5052293C11B3DCD80061670F;
			remoteInfo = "CocosDenshion - Fade To Grey";
		};
		4FCBAC89165FBC2600B517C0 /* PBXContainerItemProxy */ = {
			isa = PBXContainerItemProxy;
			containerPortal = 4FCBABE1165FBC2300B517C0 /* cocos2d-ios.xcodeproj */;
			proxyType = 2;
			remoteGlobalIDString = 5052296E11B3DCE90061670F;
			remoteInfo = "CocosDenshion - FancyRat Metering";
		};
		4FCBAC8B165FBC2600B517C0 /* PBXContainerItemProxy */ = {
			isa = PBXContainerItemProxy;
			containerPortal = 4FCBABE1165FBC2300B517C0 /* cocos2d-ios.xcodeproj */;
			proxyType = 2;
			remoteGlobalIDString = A01AB91A149709E300C93DB6;
			remoteInfo = DirectorTest;
		};
		4FCBAC8D165FBC2600B517C0 /* PBXContainerItemProxy */ = {
			isa = PBXContainerItemProxy;
			containerPortal = 4FCBABE1165FBC2300B517C0 /* cocos2d-ios.xcodeproj */;
			proxyType = 2;
			remoteGlobalIDString = 501945740F964C620059CE7C;
			remoteInfo = drawPrimitivesTest;
		};
		4FCBAC8F165FBC2600B517C0 /* PBXContainerItemProxy */ = {
			isa = PBXContainerItemProxy;
			containerPortal = 4FCBABE1165FBC2300B517C0 /* cocos2d-ios.xcodeproj */;
			proxyType = 2;
			remoteGlobalIDString = 504E17DC11C4C7E100E19835;
			remoteInfo = EAGLViewTest;
		};
		4FCBAC91165FBC2600B517C0 /* PBXContainerItemProxy */ = {
			isa = PBXContainerItemProxy;
			containerPortal = 4FCBABE1165FBC2300B517C0 /* cocos2d-ios.xcodeproj */;
			proxyType = 2;
			remoteGlobalIDString = 505B63A30F2F4210001B4104;
			remoteInfo = ActionsEaseTest;
		};
		4FCBAC93165FBC2600B517C0 /* PBXContainerItemProxy */ = {
			isa = PBXContainerItemProxy;
			containerPortal = 4FCBABE1165FBC2300B517C0 /* cocos2d-ios.xcodeproj */;
			proxyType = 2;
			remoteGlobalIDString = 50A24E440F377FA1007CAEB0;
			remoteInfo = EffectsTest;
		};
		4FCBAC95165FBC2600B517C0 /* PBXContainerItemProxy */ = {
			isa = PBXContainerItemProxy;
			containerPortal = 4FCBABE1165FBC2300B517C0 /* cocos2d-ios.xcodeproj */;
			proxyType = 2;
			remoteGlobalIDString = 50D56FD20F3FABEC007CD6B9;
			remoteInfo = EffectsAdvancedTest;
		};
		4FCBAC97165FBC2600B517C0 /* PBXContainerItemProxy */ = {
			isa = PBXContainerItemProxy;
			containerPortal = 4FCBABE1165FBC2300B517C0 /* cocos2d-ios.xcodeproj */;
			proxyType = 2;
			remoteGlobalIDString = A0F8418D151D3B3000EBBFCB;
			remoteInfo = FileUtilsTest;
		};
		4FCBAC99165FBC2600B517C0 /* PBXContainerItemProxy */ = {
			isa = PBXContainerItemProxy;
			containerPortal = 4FCBABE1165FBC2300B517C0 /* cocos2d-ios.xcodeproj */;
			proxyType = 2;
			remoteGlobalIDString = DAABAA9A1059A42E00794EB3;
			remoteInfo = FontTest;
		};
		4FCBAC9B165FBC2600B517C0 /* PBXContainerItemProxy */ = {
			isa = PBXContainerItemProxy;
			containerPortal = 4FCBABE1165FBC2300B517C0 /* cocos2d-ios.xcodeproj */;
			proxyType = 2;
			remoteGlobalIDString = 50C7D4950E5C2ED80035ACA2;
			remoteInfo = IntervalTest;
		};
		4FCBAC9D165FBC2600B517C0 /* PBXContainerItemProxy */ = {
			isa = PBXContainerItemProxy;
			containerPortal = 4FCBABE1165FBC2300B517C0 /* cocos2d-ios.xcodeproj */;
			proxyType = 2;
			remoteGlobalIDString = A0AA56C81641955000A38D85;
			remoteInfo = "JS CocosDragon";
		};
		4FCBAC9F165FBC2600B517C0 /* PBXContainerItemProxy */ = {
			isa = PBXContainerItemProxy;
			containerPortal = 4FCBABE1165FBC2300B517C0 /* cocos2d-ios.xcodeproj */;
			proxyType = 2;
			remoteGlobalIDString = A001946A15C379F400F3D80E;
			remoteInfo = "JS Moon Warriors";
		};
		4FCBACA1165FBC2600B517C0 /* PBXContainerItemProxy */ = {
			isa = PBXContainerItemProxy;
			containerPortal = 4FCBABE1165FBC2300B517C0 /* cocos2d-ios.xcodeproj */;
			proxyType = 2;
			remoteGlobalIDString = A0D6C037159B6A25008EED97;
			remoteInfo = "JS Tests";
		};
		4FCBACA3165FBC2600B517C0 /* PBXContainerItemProxy */ = {
			isa = PBXContainerItemProxy;
			containerPortal = 4FCBABE1165FBC2300B517C0 /* cocos2d-ios.xcodeproj */;
			proxyType = 2;
			remoteGlobalIDString = A0E5F8AD15C1AE5F00D44C32;
			remoteInfo = "JS Watermelon";
		};
		4FCBACA5165FBC2600B517C0 /* PBXContainerItemProxy */ = {
			isa = PBXContainerItemProxy;
			containerPortal = 4FCBABE1165FBC2300B517C0 /* cocos2d-ios.xcodeproj */;
			proxyType = 2;
			remoteGlobalIDString = 506882110E95761200F943E5;
			remoteInfo = LabelTest;
		};
		4FCBACA7165FBC2600B517C0 /* PBXContainerItemProxy */ = {
			isa = PBXContainerItemProxy;
			containerPortal = 4FCBABE1165FBC2300B517C0 /* cocos2d-ios.xcodeproj */;
			proxyType = 2;
			remoteGlobalIDString = 504799B1100F6A4200D1C71A;
			remoteInfo = LayerTest;
		};
		4FCBACA9165FBC2600B517C0 /* PBXContainerItemProxy */ = {
			isa = PBXContainerItemProxy;
			containerPortal = 4FCBABE1165FBC2300B517C0 /* cocos2d-ios.xcodeproj */;
			proxyType = 2;
			remoteGlobalIDString = 506C7A090E01C73A00B48100;
			remoteInfo = MenuTest;
		};
		4FCBACAB165FBC2600B517C0 /* PBXContainerItemProxy */ = {
			isa = PBXContainerItemProxy;
			containerPortal = 4FCBABE1165FBC2300B517C0 /* cocos2d-ios.xcodeproj */;
			proxyType = 2;
			remoteGlobalIDString = 50A783C40F3AFCE500104C45;
			remoteInfo = MotionStreakTest;
		};
		4FCBACAD165FBC2600B517C0 /* PBXContainerItemProxy */ = {
			isa = PBXContainerItemProxy;
			containerPortal = 4FCBABE1165FBC2300B517C0 /* cocos2d-ios.xcodeproj */;
			proxyType = 2;
			remoteGlobalIDString = A009431115180C730029A5C6;
			remoteInfo = MultithreadTest;
		};
		4FCBACAF165FBC2600B517C0 /* PBXContainerItemProxy */ = {
			isa = PBXContainerItemProxy;
			containerPortal = 4FCBABE1165FBC2300B517C0 /* cocos2d-ios.xcodeproj */;
			proxyType = 2;
			remoteGlobalIDString = 506144080E589A2E003CCDB7;
			remoteInfo = NodeTest;
		};
		4FCBACB1165FBC2600B517C0 /* PBXContainerItemProxy */ = {
			isa = PBXContainerItemProxy;
			containerPortal = 4FCBABE1165FBC2300B517C0 /* cocos2d-ios.xcodeproj */;
			proxyType = 2;
			remoteGlobalIDString = 50C195600EE4B57E00829067;
			remoteInfo = ParallaxTest;
		};
		4FCBACB3165FBC2600B517C0 /* PBXContainerItemProxy */ = {
			isa = PBXContainerItemProxy;
			containerPortal = 4FCBABE1165FBC2300B517C0 /* cocos2d-ios.xcodeproj */;
			proxyType = 2;
			remoteGlobalIDString = 50DB1BCA0E1C1E5900A89DFF;
			remoteInfo = ParticleTest;
		};
		4FCBACB5165FBC2600B517C0 /* PBXContainerItemProxy */ = {
			isa = PBXContainerItemProxy;
			containerPortal = 4FCBABE1165FBC2300B517C0 /* cocos2d-ios.xcodeproj */;
			proxyType = 2;
			remoteGlobalIDString = 501504ED11330E1700A9CA65;
			remoteInfo = ActionsProgressTest;
		};
		4FCBACB7165FBC2600B517C0 /* PBXContainerItemProxy */ = {
			isa = PBXContainerItemProxy;
			containerPortal = 4FCBABE1165FBC2300B517C0 /* cocos2d-ios.xcodeproj */;
			proxyType = 2;
			remoteGlobalIDString = 495E73F7104B74E20012BB52;
			remoteInfo = RenderTextureTest;
		};
		4FCBACB9165FBC2600B517C0 /* PBXContainerItemProxy */ = {
			isa = PBXContainerItemProxy;
			containerPortal = 4FCBABE1165FBC2300B517C0 /* cocos2d-ios.xcodeproj */;
			proxyType = 2;
			remoteGlobalIDString = 502C66180DFEFCCA00E4107D;
			remoteInfo = RotateWorldTest;
		};
		4FCBACBB165FBC2600B517C0 /* PBXContainerItemProxy */ = {
			isa = PBXContainerItemProxy;
			containerPortal = 4FCBABE1165FBC2300B517C0 /* cocos2d-ios.xcodeproj */;
			proxyType = 2;
			remoteGlobalIDString = 506C800E0E041C9300B48100;
			remoteInfo = SceneTest;
		};
		4FCBACBD165FBC2600B517C0 /* PBXContainerItemProxy */ = {
			isa = PBXContainerItemProxy;
			containerPortal = 4FCBABE1165FBC2300B517C0 /* cocos2d-ios.xcodeproj */;
			proxyType = 2;
			remoteGlobalIDString = 508CA7DA1193270F003AC397;
			remoteInfo = SchedulerTest;
		};
		4FCBACBF165FBC2600B517C0 /* PBXContainerItemProxy */ = {
			isa = PBXContainerItemProxy;
			containerPortal = 4FCBABE1165FBC2300B517C0 /* cocos2d-ios.xcodeproj */;
			proxyType = 2;
			remoteGlobalIDString = E03A4F691355041F00D4B515;
			remoteInfo = ShaderTest;
		};
		4FCBACC1165FBC2600B517C0 /* PBXContainerItemProxy */ = {
			isa = PBXContainerItemProxy;
			containerPortal = 4FCBABE1165FBC2300B517C0 /* cocos2d-ios.xcodeproj */;
			proxyType = 2;
			remoteGlobalIDString = 501C7C910F91EFFF0024A296;
			remoteInfo = SpriteTest;
		};
		4FCBACC3165FBC2600B517C0 /* PBXContainerItemProxy */ = {
			isa = PBXContainerItemProxy;
			containerPortal = 4FCBABE1165FBC2300B517C0 /* cocos2d-ios.xcodeproj */;
			proxyType = 2;
			remoteGlobalIDString = 505B62D60F2E6A0F001B4104;
			remoteInfo = Texture2dTest;
		};
		4FCBACC5165FBC2600B517C0 /* PBXContainerItemProxy */ = {
			isa = PBXContainerItemProxy;
			containerPortal = 4FCBABE1165FBC2300B517C0 /* cocos2d-ios.xcodeproj */;
			proxyType = 2;
			remoteGlobalIDString = 503F5CBE101FE930002A37E5;
			remoteInfo = TileMapTest;
		};
		4FCBACC7165FBC2600B517C0 /* PBXContainerItemProxy */ = {
			isa = PBXContainerItemProxy;
			containerPortal = 4FCBABE1165FBC2300B517C0 /* cocos2d-ios.xcodeproj */;
			proxyType = 2;
			remoteGlobalIDString = 5012DD3B0FE2994300D6DDD1;
			remoteInfo = TouchesTest;
		};
		4FCBACC9165FBC2600B517C0 /* PBXContainerItemProxy */ = {
			isa = PBXContainerItemProxy;
			containerPortal = 4FCBABE1165FBC2300B517C0 /* cocos2d-ios.xcodeproj */;
			proxyType = 2;
			remoteGlobalIDString = 50C938E00E0A9DBB00517B01;
			remoteInfo = TransitionsTest;
		};
		4FCBACCB165FBC2600B517C0 /* PBXContainerItemProxy */ = {
			isa = PBXContainerItemProxy;
			containerPortal = 4FCBABE1165FBC2300B517C0 /* cocos2d-ios.xcodeproj */;
			proxyType = 2;
			remoteGlobalIDString = E0C5588611FE48E600B9E4CB;
			remoteInfo = ZwoptexTest;
		};
		4FCBACCD165FBC2600B517C0 /* PBXContainerItemProxy */ = {
			isa = PBXContainerItemProxy;
			containerPortal = 4FCBABE1165FBC2300B517C0 /* cocos2d-ios.xcodeproj */;
			proxyType = 2;
			remoteGlobalIDString = 507FF8F2116D16F600B6FAB2;
			remoteInfo = Bug350;
		};
		4FCBACCF165FBC2600B517C0 /* PBXContainerItemProxy */ = {
			isa = PBXContainerItemProxy;
			containerPortal = 4FCBABE1165FBC2300B517C0 /* cocos2d-ios.xcodeproj */;
			proxyType = 2;
			remoteGlobalIDString = 50CB34DD100765EF00B7A750;
			remoteInfo = Bug422;
		};
		4FCBACD1165FBC2600B517C0 /* PBXContainerItemProxy */ = {
			isa = PBXContainerItemProxy;
			containerPortal = 4FCBABE1165FBC2300B517C0 /* cocos2d-ios.xcodeproj */;
			proxyType = 2;
			remoteGlobalIDString = E037DA4C1281C7F0003D39D7;
			remoteInfo = Bug458;
		};
		4FCBACD3165FBC2600B517C0 /* PBXContainerItemProxy */ = {
			isa = PBXContainerItemProxy;
			containerPortal = 4FCBABE1165FBC2300B517C0 /* cocos2d-ios.xcodeproj */;
			proxyType = 2;
			remoteGlobalIDString = E02BC2CD1270E489006E46A2;
			remoteInfo = Bug624;
		};
		4FCBACD5165FBC2600B517C0 /* PBXContainerItemProxy */ = {
			isa = PBXContainerItemProxy;
			containerPortal = 4FCBABE1165FBC2300B517C0 /* cocos2d-ios.xcodeproj */;
			proxyType = 2;
			remoteGlobalIDString = 50CBA48711CBD6FB007B009D;
			remoteInfo = Bug886;
		};
		4FCBACD7165FBC2600B517C0 /* PBXContainerItemProxy */ = {
			isa = PBXContainerItemProxy;
			containerPortal = 4FCBABE1165FBC2300B517C0 /* cocos2d-ios.xcodeproj */;
			proxyType = 2;
			remoteGlobalIDString = 507C0F0B11D609290075E747;
			remoteInfo = Bug899;
		};
		4FCBACD9165FBC2600B517C0 /* PBXContainerItemProxy */ = {
			isa = PBXContainerItemProxy;
			containerPortal = 4FCBABE1165FBC2300B517C0 /* cocos2d-ios.xcodeproj */;
			proxyType = 2;
			remoteGlobalIDString = 502BF56911E39CC30030C477;
			remoteInfo = Bug914;
		};
		4FCBACDB165FBC2600B517C0 /* PBXContainerItemProxy */ = {
			isa = PBXContainerItemProxy;
			containerPortal = 4FCBABE1165FBC2300B517C0 /* cocos2d-ios.xcodeproj */;
			proxyType = 2;
			remoteGlobalIDString = E0EA56A5134B9CA800F212C8;
			remoteInfo = Bug1159;
		};
		4FCBAD17165FBDB000B517C0 /* PBXContainerItemProxy */ = {
			isa = PBXContainerItemProxy;
			containerPortal = 4FCBABE1165FBC2300B517C0 /* cocos2d-ios.xcodeproj */;
			proxyType = 1;
			remoteGlobalIDString = 5018F24C0DFDEAC400C013A5;
			remoteInfo = cocos2d;
		};
		4FCBAD19165FBDB600B517C0 /* PBXContainerItemProxy */ = {
			isa = PBXContainerItemProxy;
			containerPortal = 4FCBABE1165FBC2300B517C0 /* cocos2d-ios.xcodeproj */;
			proxyType = 1;
			remoteGlobalIDString = 5042256F0FC0B39C00B992F7;
			remoteInfo = box2d;
		};
		4FCBAD8F165FC0A900B517C0 /* PBXContainerItemProxy */ = {
			isa = PBXContainerItemProxy;
			containerPortal = 4FCBABE1165FBC2300B517C0 /* cocos2d-ios.xcodeproj */;
			proxyType = 1;
			remoteGlobalIDString = A04A1FEA13B826B300ABAFB7;
			remoteInfo = kazmath;
		};
/* End PBXContainerItemProxy section */

/* Begin PBXFileReference section */
		4FCBA99E165FBBAC00B517C0 /* StupidMachine.app */ = {isa = PBXFileReference; explicitFileType = wrapper.application; includeInIndex = 0; path = StupidMachine.app; sourceTree = BUILT_PRODUCTS_DIR; };
		4FCBA9A2165FBBAC00B517C0 /* QuartzCore.framework */ = {isa = PBXFileReference; lastKnownFileType = wrapper.framework; name = QuartzCore.framework; path = System/Library/Frameworks/QuartzCore.framework; sourceTree = SDKROOT; };
		4FCBA9A4165FBBAC00B517C0 /* OpenGLES.framework */ = {isa = PBXFileReference; lastKnownFileType = wrapper.framework; name = OpenGLES.framework; path = System/Library/Frameworks/OpenGLES.framework; sourceTree = SDKROOT; };
		4FCBA9A6165FBBAC00B517C0 /* OpenAL.framework */ = {isa = PBXFileReference; lastKnownFileType = wrapper.framework; name = OpenAL.framework; path = System/Library/Frameworks/OpenAL.framework; sourceTree = SDKROOT; };
		4FCBA9A8165FBBAC00B517C0 /* AudioToolbox.framework */ = {isa = PBXFileReference; lastKnownFileType = wrapper.framework; name = AudioToolbox.framework; path = System/Library/Frameworks/AudioToolbox.framework; sourceTree = SDKROOT; };
		4FCBA9AA165FBBAC00B517C0 /* AVFoundation.framework */ = {isa = PBXFileReference; lastKnownFileType = wrapper.framework; name = AVFoundation.framework; path = System/Library/Frameworks/AVFoundation.framework; sourceTree = SDKROOT; };
		4FCBA9AC165FBBAC00B517C0 /* UIKit.framework */ = {isa = PBXFileReference; lastKnownFileType = wrapper.framework; name = UIKit.framework; path = System/Library/Frameworks/UIKit.framework; sourceTree = SDKROOT; };
		4FCBA9AE165FBBAC00B517C0 /* Foundation.framework */ = {isa = PBXFileReference; lastKnownFileType = wrapper.framework; name = Foundation.framework; path = System/Library/Frameworks/Foundation.framework; sourceTree = SDKROOT; };
		4FCBA9B0165FBBAC00B517C0 /* CoreGraphics.framework */ = {isa = PBXFileReference; lastKnownFileType = wrapper.framework; name = CoreGraphics.framework; path = System/Library/Frameworks/CoreGraphics.framework; sourceTree = SDKROOT; };
		4FCBA9B2165FBBAC00B517C0 /* GameKit.framework */ = {isa = PBXFileReference; lastKnownFileType = wrapper.framework; name = GameKit.framework; path = System/Library/Frameworks/GameKit.framework; sourceTree = SDKROOT; };
		4FCBA9B6165FBBAC00B517C0 /* Default.png */ = {isa = PBXFileReference; lastKnownFileType = image.png; name = Default.png; path = Resources/Default.png; sourceTree = "<group>"; };
		4FCBA9B8165FBBAC00B517C0 /* Default@2x.png */ = {isa = PBXFileReference; lastKnownFileType = image.png; name = "Default@2x.png"; path = "Resources/Default@2x.png"; sourceTree = "<group>"; };
		4FCBA9BA165FBBAC00B517C0 /* Default-568h@2x.png */ = {isa = PBXFileReference; lastKnownFileType = image.png; name = "Default-568h@2x.png"; path = "Resources/Default-568h@2x.png"; sourceTree = "<group>"; };
		4FCBA9BC165FBBAC00B517C0 /* Default-Landscape~ipad.png */ = {isa = PBXFileReference; lastKnownFileType = image.png; name = "Default-Landscape~ipad.png"; path = "Resources/Default-Landscape~ipad.png"; sourceTree = "<group>"; };
		4FCBA9BE165FBBAC00B517C0 /* Icon-72.png */ = {isa = PBXFileReference; lastKnownFileType = image.png; name = "Icon-72.png"; path = "Resources/Icon-72.png"; sourceTree = "<group>"; };
		4FCBA9C0165FBBAC00B517C0 /* Icon-Small-50.png */ = {isa = PBXFileReference; lastKnownFileType = image.png; name = "Icon-Small-50.png"; path = "Resources/Icon-Small-50.png"; sourceTree = "<group>"; };
		4FCBA9C2165FBBAC00B517C0 /* Icon-Small.png */ = {isa = PBXFileReference; lastKnownFileType = image.png; name = "Icon-Small.png"; path = "Resources/Icon-Small.png"; sourceTree = "<group>"; };
		4FCBA9C4165FBBAC00B517C0 /* Icon-Small@2x.png */ = {isa = PBXFileReference; lastKnownFileType = image.png; name = "Icon-Small@2x.png"; path = "Resources/Icon-Small@2x.png"; sourceTree = "<group>"; };
		4FCBA9C6165FBBAC00B517C0 /* Icon.png */ = {isa = PBXFileReference; lastKnownFileType = image.png; name = Icon.png; path = Resources/Icon.png; sourceTree = "<group>"; };
		4FCBA9C8165FBBAC00B517C0 /* Icon@2x.png */ = {isa = PBXFileReference; lastKnownFileType = image.png; name = "Icon@2x.png"; path = "Resources/Icon@2x.png"; sourceTree = "<group>"; };
		4FCBA9CA165FBBAC00B517C0 /* Info.plist */ = {isa = PBXFileReference; lastKnownFileType = text.plist.xml; name = Info.plist; path = Resources/Info.plist; sourceTree = "<group>"; };
		4FCBA9CB165FBBAC00B517C0 /* iTunesArtwork */ = {isa = PBXFileReference; lastKnownFileType = file; name = iTunesArtwork; path = Resources/iTunesArtwork; sourceTree = "<group>"; };
		4FCBABCB165FBBB100B517C0 /* Prefix.pch */ = {isa = PBXFileReference; lastKnownFileType = sourcecode.c.h; path = Prefix.pch; sourceTree = "<group>"; };
		4FCBABCC165FBBB100B517C0 /* main.m */ = {isa = PBXFileReference; lastKnownFileType = sourcecode.c.objc; path = main.m; sourceTree = "<group>"; };
		4FCBABCE165FBBB100B517C0 /* AppDelegate.h */ = {isa = PBXFileReference; lastKnownFileType = sourcecode.c.h; path = AppDelegate.h; sourceTree = "<group>"; };
		4FCBABCF165FBBB100B517C0 /* AppDelegate.mm */ = {isa = PBXFileReference; lastKnownFileType = sourcecode.cpp.objcpp; path = AppDelegate.mm; sourceTree = "<group>"; };
		4FCBABD1165FBBB100B517C0 /* HelloWorldLayer.h */ = {isa = PBXFileReference; lastKnownFileType = sourcecode.c.h; path = HelloWorldLayer.h; sourceTree = "<group>"; };
		4FCBABD2165FBBB100B517C0 /* HelloWorldLayer.mm */ = {isa = PBXFileReference; lastKnownFileType = sourcecode.cpp.objcpp; path = HelloWorldLayer.mm; sourceTree = "<group>"; };
		4FCBABD4165FBBB100B517C0 /* IntroLayer.h */ = {isa = PBXFileReference; lastKnownFileType = sourcecode.c.h; path = IntroLayer.h; sourceTree = "<group>"; };
		4FCBABD5165FBBB100B517C0 /* IntroLayer.mm */ = {isa = PBXFileReference; lastKnownFileType = sourcecode.cpp.objcpp; path = IntroLayer.mm; sourceTree = "<group>"; };
		4FCBABD7165FBBB100B517C0 /* GLES-Render.h */ = {isa = PBXFileReference; lastKnownFileType = sourcecode.c.h; path = "GLES-Render.h"; sourceTree = "<group>"; };
		4FCBABD8165FBBB100B517C0 /* GLES-Render.mm */ = {isa = PBXFileReference; lastKnownFileType = sourcecode.cpp.objcpp; path = "GLES-Render.mm"; sourceTree = "<group>"; };
		4FCBABDA165FBBB100B517C0 /* blocks.png */ = {isa = PBXFileReference; lastKnownFileType = image.png; name = blocks.png; path = Resources/blocks.png; sourceTree = "<group>"; };
		4FCBABE1165FBC2300B517C0 /* cocos2d-ios.xcodeproj */ = {isa = PBXFileReference; lastKnownFileType = "wrapper.pb-project"; name = "cocos2d-ios.xcodeproj"; path = "cocos2d-iphone/cocos2d-ios.xcodeproj"; sourceTree = "<group>"; };
/* End PBXFileReference section */

/* Begin PBXFrameworksBuildPhase section */
		4FCBA99B165FBBAC00B517C0 /* Frameworks */ = {
			isa = PBXFrameworksBuildPhase;
			buildActionMask = 2147483647;
			files = (
				4FCBAD91165FC0B300B517C0 /* libkazmath.a in Frameworks */,
				4FCBAD1B165FBDC400B517C0 /* libcocos2d.a in Frameworks */,
				4FCBAD1C165FBDCB00B517C0 /* libbox2d.a in Frameworks */,
				4FCBA9A3165FBBAC00B517C0 /* QuartzCore.framework in Frameworks */,
				4FCBA9A5165FBBAC00B517C0 /* OpenGLES.framework in Frameworks */,
				4FCBA9A7165FBBAC00B517C0 /* OpenAL.framework in Frameworks */,
				4FCBA9A9165FBBAC00B517C0 /* AudioToolbox.framework in Frameworks */,
				4FCBA9AB165FBBAC00B517C0 /* AVFoundation.framework in Frameworks */,
				4FCBA9AD165FBBAC00B517C0 /* UIKit.framework in Frameworks */,
				4FCBA9AF165FBBAC00B517C0 /* Foundation.framework in Frameworks */,
				4FCBA9B1165FBBAC00B517C0 /* CoreGraphics.framework in Frameworks */,
				4FCBA9B3165FBBAC00B517C0 /* GameKit.framework in Frameworks */,
			);
			runOnlyForDeploymentPostprocessing = 0;
		};
/* End PBXFrameworksBuildPhase section */

/* Begin PBXGroup section */
		4FCBA993165FBBAC00B517C0 = {
			isa = PBXGroup;
			children = (
				4FCBA9B4165FBBAC00B517C0 /* StupidMachine */,
				4FCBA9A1165FBBAC00B517C0 /* Frameworks */,
				4FCBA99F165FBBAC00B517C0 /* Products */,
				4FCBABE1165FBC2300B517C0 /* cocos2d-ios.xcodeproj */,
			);
			sourceTree = "<group>";
		};
		4FCBA99F165FBBAC00B517C0 /* Products */ = {
			isa = PBXGroup;
			children = (
				4FCBA99E165FBBAC00B517C0 /* StupidMachine.app */,
			);
			name = Products;
			sourceTree = "<group>";
		};
		4FCBA9A1165FBBAC00B517C0 /* Frameworks */ = {
			isa = PBXGroup;
			children = (
				4FCBA9A2165FBBAC00B517C0 /* QuartzCore.framework */,
				4FCBA9A4165FBBAC00B517C0 /* OpenGLES.framework */,
				4FCBA9A6165FBBAC00B517C0 /* OpenAL.framework */,
				4FCBA9A8165FBBAC00B517C0 /* AudioToolbox.framework */,
				4FCBA9AA165FBBAC00B517C0 /* AVFoundation.framework */,
				4FCBA9AC165FBBAC00B517C0 /* UIKit.framework */,
				4FCBA9AE165FBBAC00B517C0 /* Foundation.framework */,
				4FCBA9B0165FBBAC00B517C0 /* CoreGraphics.framework */,
				4FCBA9B2165FBBAC00B517C0 /* GameKit.framework */,
			);
			name = Frameworks;
			sourceTree = "<group>";
		};
		4FCBA9B4165FBBAC00B517C0 /* StupidMachine */ = {
			isa = PBXGroup;
			children = (
				4FCBABCE165FBBB100B517C0 /* AppDelegate.h */,
				4FCBABCF165FBBB100B517C0 /* AppDelegate.mm */,
				4FCBABD1165FBBB100B517C0 /* HelloWorldLayer.h */,
				4FCBABD2165FBBB100B517C0 /* HelloWorldLayer.mm */,
				4FCBABD4165FBBB100B517C0 /* IntroLayer.h */,
				4FCBABD5165FBBB100B517C0 /* IntroLayer.mm */,
				4FCBABD7165FBBB100B517C0 /* GLES-Render.h */,
				4FCBABD8165FBBB100B517C0 /* GLES-Render.mm */,
				4FCBA9B5165FBBAC00B517C0 /* Resources */,
				4FCBABCA165FBBB100B517C0 /* Supporting Files */,
			);
			path = StupidMachine;
			sourceTree = "<group>";
		};
		4FCBA9B5165FBBAC00B517C0 /* Resources */ = {
			isa = PBXGroup;
			children = (
				4FCBA9B6165FBBAC00B517C0 /* Default.png */,
				4FCBA9B8165FBBAC00B517C0 /* Default@2x.png */,
				4FCBA9BA165FBBAC00B517C0 /* Default-568h@2x.png */,
				4FCBA9BC165FBBAC00B517C0 /* Default-Landscape~ipad.png */,
				4FCBA9BE165FBBAC00B517C0 /* Icon-72.png */,
				4FCBA9C0165FBBAC00B517C0 /* Icon-Small-50.png */,
				4FCBA9C2165FBBAC00B517C0 /* Icon-Small.png */,
				4FCBA9C4165FBBAC00B517C0 /* Icon-Small@2x.png */,
				4FCBA9C6165FBBAC00B517C0 /* Icon.png */,
				4FCBA9C8165FBBAC00B517C0 /* Icon@2x.png */,
				4FCBA9CA165FBBAC00B517C0 /* Info.plist */,
				4FCBA9CB165FBBAC00B517C0 /* iTunesArtwork */,
				4FCBABDA165FBBB100B517C0 /* blocks.png */,
			);
			name = Resources;
			sourceTree = "<group>";
		};
		4FCBABCA165FBBB100B517C0 /* Supporting Files */ = {
			isa = PBXGroup;
			children = (
				4FCBABCB165FBBB100B517C0 /* Prefix.pch */,
				4FCBABCC165FBBB100B517C0 /* main.m */,
			);
			name = "Supporting Files";
			sourceTree = "<group>";
		};
		4FCBABE2165FBC2300B517C0 /* Products */ = {
			isa = PBXGroup;
			children = (
				4FCBAC5E165FBC2600B517C0 /* libbuild all tests.a */,
				4FCBAC60165FBC2600B517C0 /* libbox2d.a */,
				4FCBAC62165FBC2600B517C0 /* libChipmunk.a */,
				4FCBAC64165FBC2600B517C0 /* libcocos2d.a */,
				4FCBAC66165FBC2600B517C0 /* libcocos2d-documentation.a */,
				4FCBAC68165FBC2600B517C0 /* libCocosDenshion.a */,
				4FCBAC6A165FBC2600B517C0 /* libCocosBuilderReader.a */,
				4FCBAC6C165FBC2600B517C0 /* libjsbindings.a */,
				4FCBAC6E165FBC2600B517C0 /* libkazmath.a */,
				4FCBAC70165FBC2600B517C0 /* liblibpng.a */,
				4FCBAC72165FBC2600B517C0 /* ActionManagerTest.app */,
				4FCBAC74165FBC2600B517C0 /* ActionsTest.app */,
				4FCBAC76165FBC2600B517C0 /* ActionsWithBlocksSample.app */,
				4FCBAC78165FBC2600B517C0 /* AttachTest.app */,
				4FCBAC7A165FBC2600B517C0 /* Box2dTest.app */,
				4FCBAC7C165FBC2600B517C0 /* Box2dTestBed.app */,
				4FCBAC7E165FBC2600B517C0 /* ChipmunkTest.app */,
				4FCBAC80165FBC2600B517C0 /* ClickAndMoveTest.app */,
				4FCBAC82165FBC2600B517C0 /* ClippingNodeTest.app */,
				4FCBAC84165FBC2600B517C0 /* CocosDenshion - Tom The Turret.app */,
				4FCBAC86165FBC2600B517C0 /* CocosDenshion - Drum Pad.app */,
				4FCBAC88165FBC2600B517C0 /* CocosDenshion - Fade To Grey.app */,
				4FCBAC8A165FBC2600B517C0 /* CocosDenshion - FancyRat Metering Demo.app */,
				4FCBAC8C165FBC2600B517C0 /* DirectorTest.app */,
				4FCBAC8E165FBC2600B517C0 /* drawPrimitivesTest.app */,
				4FCBAC90165FBC2600B517C0 /* EAGLViewTest.app */,
				4FCBAC92165FBC2600B517C0 /* ActionsEaseTest.app */,
				4FCBAC94165FBC2600B517C0 /* EffectsTest.app */,
				4FCBAC96165FBC2600B517C0 /* EffectsAdvancedTest.app */,
				4FCBAC98165FBC2600B517C0 /* FileUtilsTest.app */,
				4FCBAC9A165FBC2600B517C0 /* FontTest.app */,
				4FCBAC9C165FBC2600B517C0 /* IntervalTest.app */,
				4FCBAC9E165FBC2600B517C0 /* JS CocosDragon.app */,
				4FCBACA0165FBC2600B517C0 /* JS Moon Warriors.app */,
				4FCBACA2165FBC2600B517C0 /* JS Tests.app */,
				4FCBACA4165FBC2600B517C0 /* JS Watermelon.app */,
				4FCBACA6165FBC2600B517C0 /* LabelTest.app */,
				4FCBACA8165FBC2600B517C0 /* LayerTest.app */,
				4FCBACAA165FBC2600B517C0 /* MenuTest.app */,
				4FCBACAC165FBC2600B517C0 /* MotionStreakTest.app */,
				4FCBACAE165FBC2600B517C0 /* MultithreadTest.app */,
				4FCBACB0165FBC2600B517C0 /* cocosnodeTest.app */,
				4FCBACB2165FBC2600B517C0 /* ParallaxTest.app */,
				4FCBACB4165FBC2600B517C0 /* ParticleTest.app */,
				4FCBACB6165FBC2600B517C0 /* ActionsProgressTest.app */,
				4FCBACB8165FBC2600B517C0 /* RenderTextureTest.app */,
				4FCBACBA165FBC2600B517C0 /* RotateWorldTest.app */,
				4FCBACBC165FBC2600B517C0 /* SceneTest.app */,
				4FCBACBE165FBC2600B517C0 /* SchedulerTest.app */,
				4FCBACC0165FBC2600B517C0 /* ShaderTest.app */,
				4FCBACC2165FBC2600B517C0 /* SpriteTest.app */,
				4FCBACC4165FBC2600B517C0 /* Texture2dTest.app */,
				4FCBACC6165FBC2600B517C0 /* TileMapTest.app */,
				4FCBACC8165FBC2600B517C0 /* TouchesTest.app */,
				4FCBACCA165FBC2600B517C0 /* TransitionsTest.app */,
				4FCBACCC165FBC2600B517C0 /* ZwoptexTest.app */,
				4FCBACCE165FBC2600B517C0 /* Bug350.app */,
				4FCBACD0165FBC2600B517C0 /* Bug422.app */,
				4FCBACD2165FBC2600B517C0 /* Bug458.app */,
				4FCBACD4165FBC2600B517C0 /* Bug624.app */,
				4FCBACD6165FBC2600B517C0 /* Bug886.app */,
				4FCBACD8165FBC2600B517C0 /* Bug899.app */,
				4FCBACDA165FBC2600B517C0 /* Bug914.app */,
				4FCBACDC165FBC2600B517C0 /* Bug1159.app */,
			);
			name = Products;
			sourceTree = "<group>";
		};
/* End PBXGroup section */

/* Begin PBXNativeTarget section */
		4FCBA99D165FBBAC00B517C0 /* StupidMachine */ = {
			isa = PBXNativeTarget;
			buildConfigurationList = 4FCBABDE165FBBB100B517C0 /* Build configuration list for PBXNativeTarget "StupidMachine" */;
			buildPhases = (
				4FCBA99A165FBBAC00B517C0 /* Sources */,
				4FCBA99B165FBBAC00B517C0 /* Frameworks */,
				4FCBA99C165FBBAC00B517C0 /* Resources */,
			);
			buildRules = (
			);
			dependencies = (
				4FCBAD90165FC0A900B517C0 /* PBXTargetDependency */,
				4FCBAD18165FBDB000B517C0 /* PBXTargetDependency */,
				4FCBAD1A165FBDB600B517C0 /* PBXTargetDependency */,
			);
			name = StupidMachine;
			productName = StupidMachine;
			productReference = 4FCBA99E165FBBAC00B517C0 /* StupidMachine.app */;
			productType = "com.apple.product-type.application";
		};
/* End PBXNativeTarget section */

/* Begin PBXProject section */
		4FCBA995165FBBAC00B517C0 /* Project object */ = {
			isa = PBXProject;
			attributes = {
				LastUpgradeCheck = 0450;
				ORGANIZATIONNAME = "Avalon Game Art";
			};
			buildConfigurationList = 4FCBA998165FBBAC00B517C0 /* Build configuration list for PBXProject "StupidMachine" */;
			compatibilityVersion = "Xcode 3.2";
			developmentRegion = English;
			hasScannedForEncodings = 0;
			knownRegions = (
				en,
			);
			mainGroup = 4FCBA993165FBBAC00B517C0;
			productRefGroup = 4FCBA99F165FBBAC00B517C0 /* Products */;
			projectDirPath = "";
			projectReferences = (
				{
					ProductGroup = 4FCBABE2165FBC2300B517C0 /* Products */;
					ProjectRef = 4FCBABE1165FBC2300B517C0 /* cocos2d-ios.xcodeproj */;
				},
			);
			projectRoot = "";
			targets = (
				4FCBA99D165FBBAC00B517C0 /* StupidMachine */,
			);
		};
/* End PBXProject section */

/* Begin PBXReferenceProxy section */
		4FCBAC5E165FBC2600B517C0 /* libbuild all tests.a */ = {
			isa = PBXReferenceProxy;
			fileType = archive.ar;
			path = "libbuild all tests.a";
			remoteRef = 4FCBAC5D165FBC2600B517C0 /* PBXContainerItemProxy */;
			sourceTree = BUILT_PRODUCTS_DIR;
		};
		4FCBAC60165FBC2600B517C0 /* libbox2d.a */ = {
			isa = PBXReferenceProxy;
			fileType = archive.ar;
			path = libbox2d.a;
			remoteRef = 4FCBAC5F165FBC2600B517C0 /* PBXContainerItemProxy */;
			sourceTree = BUILT_PRODUCTS_DIR;
		};
		4FCBAC62165FBC2600B517C0 /* libChipmunk.a */ = {
			isa = PBXReferenceProxy;
			fileType = archive.ar;
			path = libChipmunk.a;
			remoteRef = 4FCBAC61165FBC2600B517C0 /* PBXContainerItemProxy */;
			sourceTree = BUILT_PRODUCTS_DIR;
		};
		4FCBAC64165FBC2600B517C0 /* libcocos2d.a */ = {
			isa = PBXReferenceProxy;
			fileType = archive.ar;
			path = libcocos2d.a;
			remoteRef = 4FCBAC63165FBC2600B517C0 /* PBXContainerItemProxy */;
			sourceTree = BUILT_PRODUCTS_DIR;
		};
		4FCBAC66165FBC2600B517C0 /* libcocos2d-documentation.a */ = {
			isa = PBXReferenceProxy;
			fileType = archive.ar;
			path = "libcocos2d-documentation.a";
			remoteRef = 4FCBAC65165FBC2600B517C0 /* PBXContainerItemProxy */;
			sourceTree = BUILT_PRODUCTS_DIR;
		};
		4FCBAC68165FBC2600B517C0 /* libCocosDenshion.a */ = {
			isa = PBXReferenceProxy;
			fileType = archive.ar;
			path = libCocosDenshion.a;
			remoteRef = 4FCBAC67165FBC2600B517C0 /* PBXContainerItemProxy */;
			sourceTree = BUILT_PRODUCTS_DIR;
		};
		4FCBAC6A165FBC2600B517C0 /* libCocosBuilderReader.a */ = {
			isa = PBXReferenceProxy;
			fileType = archive.ar;
			path = libCocosBuilderReader.a;
			remoteRef = 4FCBAC69165FBC2600B517C0 /* PBXContainerItemProxy */;
			sourceTree = BUILT_PRODUCTS_DIR;
		};
		4FCBAC6C165FBC2600B517C0 /* libjsbindings.a */ = {
			isa = PBXReferenceProxy;
			fileType = archive.ar;
			path = libjsbindings.a;
			remoteRef = 4FCBAC6B165FBC2600B517C0 /* PBXContainerItemProxy */;
			sourceTree = BUILT_PRODUCTS_DIR;
		};
		4FCBAC6E165FBC2600B517C0 /* libkazmath.a */ = {
			isa = PBXReferenceProxy;
			fileType = archive.ar;
			path = libkazmath.a;
			remoteRef = 4FCBAC6D165FBC2600B517C0 /* PBXContainerItemProxy */;
			sourceTree = BUILT_PRODUCTS_DIR;
		};
		4FCBAC70165FBC2600B517C0 /* liblibpng.a */ = {
			isa = PBXReferenceProxy;
			fileType = archive.ar;
			path = liblibpng.a;
			remoteRef = 4FCBAC6F165FBC2600B517C0 /* PBXContainerItemProxy */;
			sourceTree = BUILT_PRODUCTS_DIR;
		};
		4FCBAC72165FBC2600B517C0 /* ActionManagerTest.app */ = {
			isa = PBXReferenceProxy;
			fileType = wrapper.application;
			path = ActionManagerTest.app;
			remoteRef = 4FCBAC71165FBC2600B517C0 /* PBXContainerItemProxy */;
			sourceTree = BUILT_PRODUCTS_DIR;
		};
		4FCBAC74165FBC2600B517C0 /* ActionsTest.app */ = {
			isa = PBXReferenceProxy;
			fileType = wrapper.application;
			path = ActionsTest.app;
			remoteRef = 4FCBAC73165FBC2600B517C0 /* PBXContainerItemProxy */;
			sourceTree = BUILT_PRODUCTS_DIR;
		};
		4FCBAC76165FBC2600B517C0 /* ActionsWithBlocksSample.app */ = {
			isa = PBXReferenceProxy;
			fileType = wrapper.application;
			path = ActionsWithBlocksSample.app;
			remoteRef = 4FCBAC75165FBC2600B517C0 /* PBXContainerItemProxy */;
			sourceTree = BUILT_PRODUCTS_DIR;
		};
		4FCBAC78165FBC2600B517C0 /* AttachTest.app */ = {
			isa = PBXReferenceProxy;
			fileType = wrapper.application;
			path = AttachTest.app;
			remoteRef = 4FCBAC77165FBC2600B517C0 /* PBXContainerItemProxy */;
			sourceTree = BUILT_PRODUCTS_DIR;
		};
		4FCBAC7A165FBC2600B517C0 /* Box2dTest.app */ = {
			isa = PBXReferenceProxy;
			fileType = wrapper.application;
			path = Box2dTest.app;
			remoteRef = 4FCBAC79165FBC2600B517C0 /* PBXContainerItemProxy */;
			sourceTree = BUILT_PRODUCTS_DIR;
		};
		4FCBAC7C165FBC2600B517C0 /* Box2dTestBed.app */ = {
			isa = PBXReferenceProxy;
			fileType = wrapper.application;
			path = Box2dTestBed.app;
			remoteRef = 4FCBAC7B165FBC2600B517C0 /* PBXContainerItemProxy */;
			sourceTree = BUILT_PRODUCTS_DIR;
		};
		4FCBAC7E165FBC2600B517C0 /* ChipmunkTest.app */ = {
			isa = PBXReferenceProxy;
			fileType = wrapper.application;
			path = ChipmunkTest.app;
			remoteRef = 4FCBAC7D165FBC2600B517C0 /* PBXContainerItemProxy */;
			sourceTree = BUILT_PRODUCTS_DIR;
		};
		4FCBAC80165FBC2600B517C0 /* ClickAndMoveTest.app */ = {
			isa = PBXReferenceProxy;
			fileType = wrapper.application;
			path = ClickAndMoveTest.app;
			remoteRef = 4FCBAC7F165FBC2600B517C0 /* PBXContainerItemProxy */;
			sourceTree = BUILT_PRODUCTS_DIR;
		};
		4FCBAC82165FBC2600B517C0 /* ClippingNodeTest.app */ = {
			isa = PBXReferenceProxy;
			fileType = wrapper.application;
			path = ClippingNodeTest.app;
			remoteRef = 4FCBAC81165FBC2600B517C0 /* PBXContainerItemProxy */;
			sourceTree = BUILT_PRODUCTS_DIR;
		};
		4FCBAC84165FBC2600B517C0 /* CocosDenshion - Tom The Turret.app */ = {
			isa = PBXReferenceProxy;
			fileType = wrapper.application;
			path = "CocosDenshion - Tom The Turret.app";
			remoteRef = 4FCBAC83165FBC2600B517C0 /* PBXContainerItemProxy */;
			sourceTree = BUILT_PRODUCTS_DIR;
		};
		4FCBAC86165FBC2600B517C0 /* CocosDenshion - Drum Pad.app */ = {
			isa = PBXReferenceProxy;
			fileType = wrapper.application;
			path = "CocosDenshion - Drum Pad.app";
			remoteRef = 4FCBAC85165FBC2600B517C0 /* PBXContainerItemProxy */;
			sourceTree = BUILT_PRODUCTS_DIR;
		};
		4FCBAC88165FBC2600B517C0 /* CocosDenshion - Fade To Grey.app */ = {
			isa = PBXReferenceProxy;
			fileType = wrapper.application;
			path = "CocosDenshion - Fade To Grey.app";
			remoteRef = 4FCBAC87165FBC2600B517C0 /* PBXContainerItemProxy */;
			sourceTree = BUILT_PRODUCTS_DIR;
		};
		4FCBAC8A165FBC2600B517C0 /* CocosDenshion - FancyRat Metering Demo.app */ = {
			isa = PBXReferenceProxy;
			fileType = wrapper.application;
			path = "CocosDenshion - FancyRat Metering Demo.app";
			remoteRef = 4FCBAC89165FBC2600B517C0 /* PBXContainerItemProxy */;
			sourceTree = BUILT_PRODUCTS_DIR;
		};
		4FCBAC8C165FBC2600B517C0 /* DirectorTest.app */ = {
			isa = PBXReferenceProxy;
			fileType = wrapper.application;
			path = DirectorTest.app;
			remoteRef = 4FCBAC8B165FBC2600B517C0 /* PBXContainerItemProxy */;
			sourceTree = BUILT_PRODUCTS_DIR;
		};
		4FCBAC8E165FBC2600B517C0 /* drawPrimitivesTest.app */ = {
			isa = PBXReferenceProxy;
			fileType = wrapper.application;
			path = drawPrimitivesTest.app;
			remoteRef = 4FCBAC8D165FBC2600B517C0 /* PBXContainerItemProxy */;
			sourceTree = BUILT_PRODUCTS_DIR;
		};
		4FCBAC90165FBC2600B517C0 /* EAGLViewTest.app */ = {
			isa = PBXReferenceProxy;
			fileType = wrapper.application;
			path = EAGLViewTest.app;
			remoteRef = 4FCBAC8F165FBC2600B517C0 /* PBXContainerItemProxy */;
			sourceTree = BUILT_PRODUCTS_DIR;
		};
		4FCBAC92165FBC2600B517C0 /* ActionsEaseTest.app */ = {
			isa = PBXReferenceProxy;
			fileType = wrapper.application;
			path = ActionsEaseTest.app;
			remoteRef = 4FCBAC91165FBC2600B517C0 /* PBXContainerItemProxy */;
			sourceTree = BUILT_PRODUCTS_DIR;
		};
		4FCBAC94165FBC2600B517C0 /* EffectsTest.app */ = {
			isa = PBXReferenceProxy;
			fileType = wrapper.application;
			path = EffectsTest.app;
			remoteRef = 4FCBAC93165FBC2600B517C0 /* PBXContainerItemProxy */;
			sourceTree = BUILT_PRODUCTS_DIR;
		};
		4FCBAC96165FBC2600B517C0 /* EffectsAdvancedTest.app */ = {
			isa = PBXReferenceProxy;
			fileType = wrapper.application;
			path = EffectsAdvancedTest.app;
			remoteRef = 4FCBAC95165FBC2600B517C0 /* PBXContainerItemProxy */;
			sourceTree = BUILT_PRODUCTS_DIR;
		};
		4FCBAC98165FBC2600B517C0 /* FileUtilsTest.app */ = {
			isa = PBXReferenceProxy;
			fileType = wrapper.application;
			path = FileUtilsTest.app;
			remoteRef = 4FCBAC97165FBC2600B517C0 /* PBXContainerItemProxy */;
			sourceTree = BUILT_PRODUCTS_DIR;
		};
		4FCBAC9A165FBC2600B517C0 /* FontTest.app */ = {
			isa = PBXReferenceProxy;
			fileType = wrapper.application;
			path = FontTest.app;
			remoteRef = 4FCBAC99165FBC2600B517C0 /* PBXContainerItemProxy */;
			sourceTree = BUILT_PRODUCTS_DIR;
		};
		4FCBAC9C165FBC2600B517C0 /* IntervalTest.app */ = {
			isa = PBXReferenceProxy;
			fileType = wrapper.application;
			path = IntervalTest.app;
			remoteRef = 4FCBAC9B165FBC2600B517C0 /* PBXContainerItemProxy */;
			sourceTree = BUILT_PRODUCTS_DIR;
		};
		4FCBAC9E165FBC2600B517C0 /* JS CocosDragon.app */ = {
			isa = PBXReferenceProxy;
			fileType = wrapper.application;
			path = "JS CocosDragon.app";
			remoteRef = 4FCBAC9D165FBC2600B517C0 /* PBXContainerItemProxy */;
			sourceTree = BUILT_PRODUCTS_DIR;
		};
		4FCBACA0165FBC2600B517C0 /* JS Moon Warriors.app */ = {
			isa = PBXReferenceProxy;
			fileType = wrapper.application;
			path = "JS Moon Warriors.app";
			remoteRef = 4FCBAC9F165FBC2600B517C0 /* PBXContainerItemProxy */;
			sourceTree = BUILT_PRODUCTS_DIR;
		};
		4FCBACA2165FBC2600B517C0 /* JS Tests.app */ = {
			isa = PBXReferenceProxy;
			fileType = wrapper.application;
			path = "JS Tests.app";
			remoteRef = 4FCBACA1165FBC2600B517C0 /* PBXContainerItemProxy */;
			sourceTree = BUILT_PRODUCTS_DIR;
		};
		4FCBACA4165FBC2600B517C0 /* JS Watermelon.app */ = {
			isa = PBXReferenceProxy;
			fileType = wrapper.application;
			path = "JS Watermelon.app";
			remoteRef = 4FCBACA3165FBC2600B517C0 /* PBXContainerItemProxy */;
			sourceTree = BUILT_PRODUCTS_DIR;
		};
		4FCBACA6165FBC2600B517C0 /* LabelTest.app */ = {
			isa = PBXReferenceProxy;
			fileType = wrapper.application;
			path = LabelTest.app;
			remoteRef = 4FCBACA5165FBC2600B517C0 /* PBXContainerItemProxy */;
			sourceTree = BUILT_PRODUCTS_DIR;
		};
		4FCBACA8165FBC2600B517C0 /* LayerTest.app */ = {
			isa = PBXReferenceProxy;
			fileType = wrapper.application;
			path = LayerTest.app;
			remoteRef = 4FCBACA7165FBC2600B517C0 /* PBXContainerItemProxy */;
			sourceTree = BUILT_PRODUCTS_DIR;
		};
		4FCBACAA165FBC2600B517C0 /* MenuTest.app */ = {
			isa = PBXReferenceProxy;
			fileType = wrapper.application;
			path = MenuTest.app;
			remoteRef = 4FCBACA9165FBC2600B517C0 /* PBXContainerItemProxy */;
			sourceTree = BUILT_PRODUCTS_DIR;
		};
		4FCBACAC165FBC2600B517C0 /* MotionStreakTest.app */ = {
			isa = PBXReferenceProxy;
			fileType = wrapper.application;
			path = MotionStreakTest.app;
			remoteRef = 4FCBACAB165FBC2600B517C0 /* PBXContainerItemProxy */;
			sourceTree = BUILT_PRODUCTS_DIR;
		};
		4FCBACAE165FBC2600B517C0 /* MultithreadTest.app */ = {
			isa = PBXReferenceProxy;
			fileType = wrapper.application;
			path = MultithreadTest.app;
			remoteRef = 4FCBACAD165FBC2600B517C0 /* PBXContainerItemProxy */;
			sourceTree = BUILT_PRODUCTS_DIR;
		};
		4FCBACB0165FBC2600B517C0 /* cocosnodeTest.app */ = {
			isa = PBXReferenceProxy;
			fileType = wrapper.application;
			path = cocosnodeTest.app;
			remoteRef = 4FCBACAF165FBC2600B517C0 /* PBXContainerItemProxy */;
			sourceTree = BUILT_PRODUCTS_DIR;
		};
		4FCBACB2165FBC2600B517C0 /* ParallaxTest.app */ = {
			isa = PBXReferenceProxy;
			fileType = wrapper.application;
			path = ParallaxTest.app;
			remoteRef = 4FCBACB1165FBC2600B517C0 /* PBXContainerItemProxy */;
			sourceTree = BUILT_PRODUCTS_DIR;
		};
		4FCBACB4165FBC2600B517C0 /* ParticleTest.app */ = {
			isa = PBXReferenceProxy;
			fileType = wrapper.application;
			path = ParticleTest.app;
			remoteRef = 4FCBACB3165FBC2600B517C0 /* PBXContainerItemProxy */;
			sourceTree = BUILT_PRODUCTS_DIR;
		};
		4FCBACB6165FBC2600B517C0 /* ActionsProgressTest.app */ = {
			isa = PBXReferenceProxy;
			fileType = wrapper.application;
			path = ActionsProgressTest.app;
			remoteRef = 4FCBACB5165FBC2600B517C0 /* PBXContainerItemProxy */;
			sourceTree = BUILT_PRODUCTS_DIR;
		};
		4FCBACB8165FBC2600B517C0 /* RenderTextureTest.app */ = {
			isa = PBXReferenceProxy;
			fileType = wrapper.application;
			path = RenderTextureTest.app;
			remoteRef = 4FCBACB7165FBC2600B517C0 /* PBXContainerItemProxy */;
			sourceTree = BUILT_PRODUCTS_DIR;
		};
		4FCBACBA165FBC2600B517C0 /* RotateWorldTest.app */ = {
			isa = PBXReferenceProxy;
			fileType = wrapper.application;
			path = RotateWorldTest.app;
			remoteRef = 4FCBACB9165FBC2600B517C0 /* PBXContainerItemProxy */;
			sourceTree = BUILT_PRODUCTS_DIR;
		};
		4FCBACBC165FBC2600B517C0 /* SceneTest.app */ = {
			isa = PBXReferenceProxy;
			fileType = wrapper.application;
			path = SceneTest.app;
			remoteRef = 4FCBACBB165FBC2600B517C0 /* PBXContainerItemProxy */;
			sourceTree = BUILT_PRODUCTS_DIR;
		};
		4FCBACBE165FBC2600B517C0 /* SchedulerTest.app */ = {
			isa = PBXReferenceProxy;
			fileType = wrapper.application;
			path = SchedulerTest.app;
			remoteRef = 4FCBACBD165FBC2600B517C0 /* PBXContainerItemProxy */;
			sourceTree = BUILT_PRODUCTS_DIR;
		};
		4FCBACC0165FBC2600B517C0 /* ShaderTest.app */ = {
			isa = PBXReferenceProxy;
			fileType = wrapper.application;
			path = ShaderTest.app;
			remoteRef = 4FCBACBF165FBC2600B517C0 /* PBXContainerItemProxy */;
			sourceTree = BUILT_PRODUCTS_DIR;
		};
		4FCBACC2165FBC2600B517C0 /* SpriteTest.app */ = {
			isa = PBXReferenceProxy;
			fileType = wrapper.application;
			path = SpriteTest.app;
			remoteRef = 4FCBACC1165FBC2600B517C0 /* PBXContainerItemProxy */;
			sourceTree = BUILT_PRODUCTS_DIR;
		};
		4FCBACC4165FBC2600B517C0 /* Texture2dTest.app */ = {
			isa = PBXReferenceProxy;
			fileType = wrapper.application;
			path = Texture2dTest.app;
			remoteRef = 4FCBACC3165FBC2600B517C0 /* PBXContainerItemProxy */;
			sourceTree = BUILT_PRODUCTS_DIR;
		};
		4FCBACC6165FBC2600B517C0 /* TileMapTest.app */ = {
			isa = PBXReferenceProxy;
			fileType = wrapper.application;
			path = TileMapTest.app;
			remoteRef = 4FCBACC5165FBC2600B517C0 /* PBXContainerItemProxy */;
			sourceTree = BUILT_PRODUCTS_DIR;
		};
		4FCBACC8165FBC2600B517C0 /* TouchesTest.app */ = {
			isa = PBXReferenceProxy;
			fileType = wrapper.application;
			path = TouchesTest.app;
			remoteRef = 4FCBACC7165FBC2600B517C0 /* PBXContainerItemProxy */;
			sourceTree = BUILT_PRODUCTS_DIR;
		};
		4FCBACCA165FBC2600B517C0 /* TransitionsTest.app */ = {
			isa = PBXReferenceProxy;
			fileType = wrapper.application;
			path = TransitionsTest.app;
			remoteRef = 4FCBACC9165FBC2600B517C0 /* PBXContainerItemProxy */;
			sourceTree = BUILT_PRODUCTS_DIR;
		};
		4FCBACCC165FBC2600B517C0 /* ZwoptexTest.app */ = {
			isa = PBXReferenceProxy;
			fileType = wrapper.application;
			path = ZwoptexTest.app;
			remoteRef = 4FCBACCB165FBC2600B517C0 /* PBXContainerItemProxy */;
			sourceTree = BUILT_PRODUCTS_DIR;
		};
		4FCBACCE165FBC2600B517C0 /* Bug350.app */ = {
			isa = PBXReferenceProxy;
			fileType = wrapper.application;
			path = Bug350.app;
			remoteRef = 4FCBACCD165FBC2600B517C0 /* PBXContainerItemProxy */;
			sourceTree = BUILT_PRODUCTS_DIR;
		};
		4FCBACD0165FBC2600B517C0 /* Bug422.app */ = {
			isa = PBXReferenceProxy;
			fileType = wrapper.application;
			path = Bug422.app;
			remoteRef = 4FCBACCF165FBC2600B517C0 /* PBXContainerItemProxy */;
			sourceTree = BUILT_PRODUCTS_DIR;
		};
		4FCBACD2165FBC2600B517C0 /* Bug458.app */ = {
			isa = PBXReferenceProxy;
			fileType = wrapper.application;
			path = Bug458.app;
			remoteRef = 4FCBACD1165FBC2600B517C0 /* PBXContainerItemProxy */;
			sourceTree = BUILT_PRODUCTS_DIR;
		};
		4FCBACD4165FBC2600B517C0 /* Bug624.app */ = {
			isa = PBXReferenceProxy;
			fileType = wrapper.application;
			path = Bug624.app;
			remoteRef = 4FCBACD3165FBC2600B517C0 /* PBXContainerItemProxy */;
			sourceTree = BUILT_PRODUCTS_DIR;
		};
		4FCBACD6165FBC2600B517C0 /* Bug886.app */ = {
			isa = PBXReferenceProxy;
			fileType = wrapper.application;
			path = Bug886.app;
			remoteRef = 4FCBACD5165FBC2600B517C0 /* PBXContainerItemProxy */;
			sourceTree = BUILT_PRODUCTS_DIR;
		};
		4FCBACD8165FBC2600B517C0 /* Bug899.app */ = {
			isa = PBXReferenceProxy;
			fileType = wrapper.application;
			path = Bug899.app;
			remoteRef = 4FCBACD7165FBC2600B517C0 /* PBXContainerItemProxy */;
			sourceTree = BUILT_PRODUCTS_DIR;
		};
		4FCBACDA165FBC2600B517C0 /* Bug914.app */ = {
			isa = PBXReferenceProxy;
			fileType = wrapper.application;
			path = Bug914.app;
			remoteRef = 4FCBACD9165FBC2600B517C0 /* PBXContainerItemProxy */;
			sourceTree = BUILT_PRODUCTS_DIR;
		};
		4FCBACDC165FBC2600B517C0 /* Bug1159.app */ = {
			isa = PBXReferenceProxy;
			fileType = wrapper.application;
			path = Bug1159.app;
			remoteRef = 4FCBACDB165FBC2600B517C0 /* PBXContainerItemProxy */;
			sourceTree = BUILT_PRODUCTS_DIR;
		};
/* End PBXReferenceProxy section */

/* Begin PBXResourcesBuildPhase section */
		4FCBA99C165FBBAC00B517C0 /* Resources */ = {
			isa = PBXResourcesBuildPhase;
			buildActionMask = 2147483647;
			files = (
				4FCBA9B7165FBBAC00B517C0 /* Default.png in Resources */,
				4FCBA9B9165FBBAC00B517C0 /* Default@2x.png in Resources */,
				4FCBA9BB165FBBAC00B517C0 /* Default-568h@2x.png in Resources */,
				4FCBA9BD165FBBAC00B517C0 /* Default-Landscape~ipad.png in Resources */,
				4FCBA9BF165FBBAC00B517C0 /* Icon-72.png in Resources */,
				4FCBA9C1165FBBAC00B517C0 /* Icon-Small-50.png in Resources */,
				4FCBA9C3165FBBAC00B517C0 /* Icon-Small.png in Resources */,
				4FCBA9C5165FBBAC00B517C0 /* Icon-Small@2x.png in Resources */,
				4FCBA9C7165FBBAC00B517C0 /* Icon.png in Resources */,
				4FCBA9C9165FBBAC00B517C0 /* Icon@2x.png in Resources */,
				4FCBA9CC165FBBAC00B517C0 /* iTunesArtwork in Resources */,
				4FCBABDB165FBBB100B517C0 /* blocks.png in Resources */,
			);
			runOnlyForDeploymentPostprocessing = 0;
		};
/* End PBXResourcesBuildPhase section */

/* Begin PBXSourcesBuildPhase section */
		4FCBA99A165FBBAC00B517C0 /* Sources */ = {
			isa = PBXSourcesBuildPhase;
			buildActionMask = 2147483647;
			files = (
				4FCBABCD165FBBB100B517C0 /* main.m in Sources */,
				4FCBABD0165FBBB100B517C0 /* AppDelegate.mm in Sources */,
				4FCBABD3165FBBB100B517C0 /* HelloWorldLayer.mm in Sources */,
				4FCBABD6165FBBB100B517C0 /* IntroLayer.mm in Sources */,
				4FCBABD9165FBBB100B517C0 /* GLES-Render.mm in Sources */,
			);
			runOnlyForDeploymentPostprocessing = 0;
		};
/* End PBXSourcesBuildPhase section */

/* Begin PBXTargetDependency section */
		4FCBAD18165FBDB000B517C0 /* PBXTargetDependency */ = {
			isa = PBXTargetDependency;
			name = cocos2d;
			targetProxy = 4FCBAD17165FBDB000B517C0 /* PBXContainerItemProxy */;
		};
		4FCBAD1A165FBDB600B517C0 /* PBXTargetDependency */ = {
			isa = PBXTargetDependency;
			name = box2d;
			targetProxy = 4FCBAD19165FBDB600B517C0 /* PBXContainerItemProxy */;
		};
		4FCBAD90165FC0A900B517C0 /* PBXTargetDependency */ = {
			isa = PBXTargetDependency;
			name = kazmath;
			targetProxy = 4FCBAD8F165FC0A900B517C0 /* PBXContainerItemProxy */;
		};
/* End PBXTargetDependency section */

/* Begin XCBuildConfiguration section */
		4FCBABDC165FBBB100B517C0 /* Debug */ = {
			isa = XCBuildConfiguration;
			buildSettings = {
				ARCHS = "$(ARCHS_STANDARD_32_BIT)";
				"CODE_SIGN_IDENTITY[sdk=iphoneos*]" = "iPhone Developer";
				GCC_C_LANGUAGE_STANDARD = gnu99;
				GCC_OPTIMIZATION_LEVEL = 0;
				GCC_PREPROCESSOR_DEFINITIONS = (
					"CC_ENABLE_BOX2D_INTEGRATION=1",
					DEBUG,
					"COCOS2D_DEBUG=1",
				);
				GCC_SYMBOLS_PRIVATE_EXTERN = NO;
				GCC_VERSION = com.apple.compilers.llvm.clang.1_0;
				GCC_WARN_ABOUT_RETURN_TYPE = YES;
				GCC_WARN_UNUSED_VARIABLE = YES;
				IPHONEOS_DEPLOYMENT_TARGET = 5.1;
				SDKROOT = iphoneos;
				TARGETED_DEVICE_FAMILY = "1,2";
			};
			name = Debug;
		};
		4FCBABDD165FBBB100B517C0 /* Release */ = {
			isa = XCBuildConfiguration;
			buildSettings = {
				ARCHS = "$(ARCHS_STANDARD_32_BIT)";
				"CODE_SIGN_IDENTITY[sdk=iphoneos*]" = "iPhone Developer";
				GCC_C_LANGUAGE_STANDARD = gnu99;
				GCC_PREPROCESSOR_DEFINITIONS = (
					"CC_ENABLE_BOX2D_INTEGRATION=1",
					NDEBUG,
					"NS_BLOCK_ASSERTIONS=1",
				);
				GCC_VERSION = com.apple.compilers.llvm.clang.1_0;
				GCC_WARN_ABOUT_RETURN_TYPE = YES;
				GCC_WARN_UNUSED_VARIABLE = YES;
				IPHONEOS_DEPLOYMENT_TARGET = 5.1;
				SDKROOT = iphoneos;
				TARGETED_DEVICE_FAMILY = "1,2";
			};
			name = Release;
		};
		4FCBABDF165FBBB100B517C0 /* Debug */ = {
			isa = XCBuildConfiguration;
			buildSettings = {
				ALWAYS_SEARCH_USER_PATHS = YES;
				CLANG_CXX_LANGUAGE_STANDARD = "c++0x";
				CLANG_CXX_LIBRARY = "libc++";
				CLANG_ENABLE_OBJC_ARC = YES;
				COPY_PHASE_STRIP = NO;
				GCC_DYNAMIC_NO_PIC = NO;
				GCC_PRECOMPILE_PREFIX_HEADER = YES;
				GCC_PREFIX_HEADER = StupidMachine/Prefix.pch;
				GCC_PREPROCESSOR_DEFINITIONS = (
					"CC_ENABLE_BOX2D_INTEGRATION=1",
					DEBUG,
					"COCOS2D_DEBUG=1",
				);
				HEADER_SEARCH_PATHS = (
					"cocos2d-iphone/external/kazmath/include",
					"cocos2d-iphone/cocos2d",
					"cocos2d-iphone/external/Box2d",
					"cocos2d-iphone/external/Box2d/Box2D",
				);
				INFOPLIST_FILE = StupidMachine/Resources/Info.plist;
				IPHONEOS_DEPLOYMENT_TARGET = 5.1;
				OTHER_LDFLAGS = (
					"-lz",
					"-ObjC",
				);
				PRODUCT_NAME = "$(TARGET_NAME)";
				USER_HEADER_SEARCH_PATHS = "";
				WRAPPER_EXTENSION = app;
			};
			name = Debug;
		};
		4FCBABE0165FBBB100B517C0 /* Release */ = {
			isa = XCBuildConfiguration;
			buildSettings = {
				ALWAYS_SEARCH_USER_PATHS = YES;
				CLANG_CXX_LANGUAGE_STANDARD = "c++0x";
				CLANG_CXX_LIBRARY = "libc++";
				CLANG_ENABLE_OBJC_ARC = YES;
				COPY_PHASE_STRIP = YES;
				GCC_PRECOMPILE_PREFIX_HEADER = YES;
				GCC_PREFIX_HEADER = StupidMachine/Prefix.pch;
				GCC_PREPROCESSOR_DEFINITIONS = (
					"CC_ENABLE_BOX2D_INTEGRATION=1",
					NDEBUG,
					"NS_BLOCK_ASSERTIONS=1",
				);
				HEADER_SEARCH_PATHS = (
					"cocos2d-iphone/external/kazmath/include",
					"cocos2d-iphone/cocos2d",
					"cocos2d-iphone/external/Box2d",
					"cocos2d-iphone/external/Box2d/Box2D",
				);
				INFOPLIST_FILE = StupidMachine/Resources/Info.plist;
				IPHONEOS_DEPLOYMENT_TARGET = 5.1;
				OTHER_LDFLAGS = (
					"-lz",
					"-ObjC",
				);
				PRODUCT_NAME = "$(TARGET_NAME)";
				USER_HEADER_SEARCH_PATHS = "";
				VALIDATE_PRODUCT = YES;
				WRAPPER_EXTENSION = app;
			};
			name = Release;
		};
/* End XCBuildConfiguration section */

/* Begin XCConfigurationList section */
		4FCBA998165FBBAC00B517C0 /* Build configuration list for PBXProject "StupidMachine" */ = {
			isa = XCConfigurationList;
			buildConfigurations = (
				4FCBABDC165FBBB100B517C0 /* Debug */,
				4FCBABDD165FBBB100B517C0 /* Release */,
			);
			defaultConfigurationIsVisible = 0;
			defaultConfigurationName = Release;
		};
		4FCBABDE165FBBB100B517C0 /* Build configuration list for PBXNativeTarget "StupidMachine" */ = {
			isa = XCConfigurationList;
			buildConfigurations = (
				4FCBABDF165FBBB100B517C0 /* Debug */,
				4FCBABE0165FBBB100B517C0 /* Release */,
			);
			defaultConfigurationIsVisible = 0;
		};
/* End XCConfigurationList section */
	};
	rootObject = 4FCBA995165FBBAC00B517C0 /* Project object */;
}
